
Microsoft Visual Studio Solution File, Format Version 12.00
# Visual Studio Version 16
VisualStudioVersion = 16.0.30309.148
MinimumVisualStudioVersion = 10.0.40219.1
Project("{2150E333-8FDC-42A3-9474-1A3956D46DE8}") = "Common", "Common", "{858251AA-00B5-49BD-8C80-B23B9DE2E3D8}"
EndProject
Project("{9A19103F-16F7-4668-BE54-9A1E7A4F7556}") = "FunnyDation.Common", "Common\FunnyDation.Common\FunnyDation.Common.csproj", "{B4DBF030-1A9B-4BD0-B8A9-5324492BE6C1}"
EndProject
Project("{9A19103F-16F7-4668-BE54-9A1E7A4F7556}") = "FunnyDation.Wpf.Devexpress", "Common\FunnyDation.Wpf.Devexpress\FunnyDation.Wpf.Devexpress.csproj", "{29D4CFBE-590F-41B7-AE3A-BF06D6C94A5A}"
EndProject
Project("{2150E333-8FDC-42A3-9474-1A3956D46DE8}") = "Ranking", "Ranking", "{0BF192AD-9F5C-4B97-B8E4-C6F5A8830835}"
EndProject
Project("{9A19103F-16F7-4668-BE54-9A1E7A4F7556}") = "FunnyDation.Wpf.Ranking", "Ranking\FunnyDation.Ranking.Wpf\FunnyDation.Wpf.Ranking.csproj", "{E645087C-2AEA-4C06-AD7D-F61FBD4B1286}"
EndProject
Project("{9A19103F-16F7-4668-BE54-9A1E7A4F7556}") = "FunnyDation.Wpf", "Common\FunnyDation.Wpf\FunnyDation.Wpf.csproj", "{B588DC29-15D4-4D80-9AD1-75AE60B08EB9}"
EndProject
Project("{9A19103F-16F7-4668-BE54-9A1E7A4F7556}") = "FunnyDation.Wpf.Base", "Common\FunnyDation.Wpf.Base\FunnyDation.Wpf.Base.csproj", "{BEE5940B-051D-43B8-98BF-D5F54E65AEDA}"
EndProject
Project("{9A19103F-16F7-4668-BE54-9A1E7A4F7556}") = "FunnyDation.IService.Ranking", "Ranking\FunnyDation.IService.Ranking\FunnyDation.IService.Ranking.csproj", "{84287163-3033-4CB9-BD7E-D2E2AD2A8458}"
EndProject
Project("{9A19103F-16F7-4668-BE54-9A1E7A4F7556}") = "FunnyDation.Service.Ranking", "Ranking\FunnyDation.Service.Ranking\FunnyDation.Service.Ranking.csproj", "{9BAF0D0D-3EB6-4AC7-ADC3-C5B335AF361B}"
EndProject
Project("{FAE04EC0-301F-11D3-BF4B-00C04F79EFBC}") = "FunnyDation.Client", "FunnyDation.Client\FunnyDation.Client.csproj", "{5CFFF96E-9A91-4C37-83F0-52197BF3F6EE}"
EndProject
Project("{FAE04EC0-301F-11D3-BF4B-00C04F79EFBC}") = "FunnyDation.Start", "FunnyDation.Start\FunnyDation.Start.csproj", "{A369B43E-EA30-49E8-AA66-A89C213A82AC}"
EndProject
Global
	GlobalSection(SolutionConfigurationPlatforms) = preSolution
		Debug|Any CPU = Debug|Any CPU
		Release|Any CPU = Release|Any CPU
	EndGlobalSection
	GlobalSection(ProjectConfigurationPlatforms) = postSolution
		{B4DBF030-1A9B-4BD0-B8A9-5324492BE6C1}.Debug|Any CPU.ActiveCfg = Debug|Any CPU
		{B4DBF030-1A9B-4BD0-B8A9-5324492BE6C1}.Debug|Any CPU.Build.0 = Debug|Any CPU
		{B4DBF030-1A9B-4BD0-B8A9-5324492BE6C1}.Release|Any CPU.ActiveCfg = Release|Any CPU
		{B4DBF030-1A9B-4BD0-B8A9-5324492BE6C1}.Release|Any CPU.Build.0 = Release|Any CPU
		{29D4CFBE-590F-41B7-AE3A-BF06D6C94A5A}.Debug|Any CPU.ActiveCfg = Debug|Any CPU
		{29D4CFBE-590F-41B7-AE3A-BF06D6C94A5A}.Debug|Any CPU.Build.0 = Debug|Any CPU
		{29D4CFBE-590F-41B7-AE3A-BF06D6C94A5A}.Release|Any CPU.ActiveCfg = Release|Any CPU
		{29D4CFBE-590F-41B7-AE3A-BF06D6C94A5A}.Release|Any CPU.Build.0 = Release|Any CPU
		{E645087C-2AEA-4C06-AD7D-F61FBD4B1286}.Debug|Any CPU.ActiveCfg = Debug|Any CPU
		{E645087C-2AEA-4C06-AD7D-F61FBD4B1286}.Debug|Any CPU.Build.0 = Debug|Any CPU
		{E645087C-2AEA-4C06-AD7D-F61FBD4B1286}.Release|Any CPU.ActiveCfg = Release|Any CPU
		{E645087C-2AEA-4C06-AD7D-F61FBD4B1286}.Release|Any CPU.Build.0 = Release|Any CPU
		{B588DC29-15D4-4D80-9AD1-75AE60B08EB9}.Debug|Any CPU.ActiveCfg = Debug|Any CPU
		{B588DC29-15D4-4D80-9AD1-75AE60B08EB9}.Debug|Any CPU.Build.0 = Debug|Any CPU
		{B588DC29-15D4-4D80-9AD1-75AE60B08EB9}.Release|Any CPU.ActiveCfg = Release|Any CPU
		{B588DC29-15D4-4D80-9AD1-75AE60B08EB9}.Release|Any CPU.Build.0 = Release|Any CPU
		{BEE5940B-051D-43B8-98BF-D5F54E65AEDA}.Debug|Any CPU.ActiveCfg = Debug|Any CPU
		{BEE5940B-051D-43B8-98BF-D5F54E65AEDA}.Debug|Any CPU.Build.0 = Debug|Any CPU
		{BEE5940B-051D-43B8-98BF-D5F54E65AEDA}.Release|Any CPU.ActiveCfg = Release|Any CPU
		{BEE5940B-051D-43B8-98BF-D5F54E65AEDA}.Release|Any CPU.Build.0 = Release|Any CPU
		{84287163-3033-4CB9-BD7E-D2E2AD2A8458}.Debug|Any CPU.ActiveCfg = Debug|Any CPU
		{84287163-3033-4CB9-BD7E-D2E2AD2A8458}.Debug|Any CPU.Build.0 = Debug|Any CPU
		{84287163-3033-4CB9-BD7E-D2E2AD2A8458}.Release|Any CPU.ActiveCfg = Release|Any CPU
		{84287163-3033-4CB9-BD7E-D2E2AD2A8458}.Release|Any CPU.Build.0 = Release|Any CPU
		{9BAF0D0D-3EB6-4AC7-ADC3-C5B335AF361B}.Debug|Any CPU.ActiveCfg = Debug|Any CPU
		{9BAF0D0D-3EB6-4AC7-ADC3-C5B335AF361B}.Debug|Any CPU.Build.0 = Debug|Any CPU
		{9BAF0D0D-3EB6-4AC7-ADC3-C5B335AF361B}.Release|Any CPU.ActiveCfg = Release|Any CPU
		{9BAF0D0D-3EB6-4AC7-ADC3-C5B335AF361B}.Release|Any CPU.Build.0 = Release|Any CPU
		{5CFFF96E-9A91-4C37-83F0-52197BF3F6EE}.Debug|Any CPU.ActiveCfg = Debug|Any CPU
		{5CFFF96E-9A91-4C37-83F0-52197BF3F6EE}.Debug|Any CPU.Build.0 = Debug|Any CPU
		{5CFFF96E-9A91-4C37-83F0-52197BF3F6EE}.Release|Any CPU.ActiveCfg = Release|Any CPU
		{5CFFF96E-9A91-4C37-83F0-52197BF3F6EE}.Release|Any CPU.Build.0 = Release|Any CPU
		{A369B43E-EA30-49E8-AA66-A89C213A82AC}.Debug|Any CPU.ActiveCfg = Debug|Any CPU
		{A369B43E-EA30-49E8-AA66-A89C213A82AC}.Debug|Any CPU.Build.0 = Debug|Any CPU
		{A369B43E-EA30-49E8-AA66-A89C213A82AC}.Release|Any CPU.ActiveCfg = Release|Any CPU
		{A369B43E-EA30-49E8-AA66-A89C213A82AC}.Release|Any CPU.Build.0 = Release|Any CPU
	EndGlobalSection
	GlobalSection(SolutionProperties) = preSolution
		HideSolutionNode = FALSE
	EndGlobalSection
	GlobalSection(NestedProjects) = preSolution
		{B4DBF030-1A9B-4BD0-B8A9-5324492BE6C1} = {858251AA-00B5-49BD-8C80-B23B9DE2E3D8}
		{29D4CFBE-590F-41B7-AE3A-BF06D6C94A5A} = {858251AA-00B5-49BD-8C80-B23B9DE2E3D8}
		{E645087C-2AEA-4C06-AD7D-F61FBD4B1286} = {0BF192AD-9F5C-4B97-B8E4-C6F5A8830835}
		{B588DC29-15D4-4D80-9AD1-75AE60B08EB9} = {858251AA-00B5-49BD-8C80-B23B9DE2E3D8}
		{BEE5940B-051D-43B8-98BF-D5F54E65AEDA} = {858251AA-00B5-49BD-8C80-B23B9DE2E3D8}
		{84287163-3033-4CB9-BD7E-D2E2AD2A8458} = {0BF192AD-9F5C-4B97-B8E4-C6F5A8830835}
		{9BAF0D0D-3EB6-4AC7-ADC3-C5B335AF361B} = {0BF192AD-9F5C-4B97-B8E4-C6F5A8830835}
	EndGlobalSection
	GlobalSection(ExtensibilityGlobals) = postSolution
		SolutionGuid = {9AA461BC-5A17-49E8-881B-37EA6EEFECE9}
	EndGlobalSection
EndGlobal
